# This file is automatically @generated by Cargo.
# It is not intended for manual editing.
[[package]]
name = "blurz"
version = "0.4.0"
source = "registry+https://github.com/rust-lang/crates.io-index"
dependencies = [
 "dbus 0.6.5 (registry+https://github.com/rust-lang/crates.io-index)",
 "hex 0.3.2 (registry+https://github.com/rust-lang/crates.io-index)",
]

[[package]]
name = "dbus"
version = "0.6.5"
source = "registry+https://github.com/rust-lang/crates.io-index"
dependencies = [
 "libc 0.2.72 (registry+https://github.com/rust-lang/crates.io-index)",
 "libdbus-sys 0.2.1 (registry+https://github.com/rust-lang/crates.io-index)",
]

[[package]]
name = "hex"
version = "0.3.2"
source = "registry+https://github.com/rust-lang/crates.io-index"

[[package]]
name = "libc"
version = "0.2.72"
source = "registry+https://github.com/rust-lang/crates.io-index"

[[package]]
name = "libdbus-sys"
version = "0.2.1"
source = "registry+https://github.com/rust-lang/crates.io-index"
dependencies = [
 "pkg-config 0.3.18 (registry+https://github.com/rust-lang/crates.io-index)",
]

[[package]]
name = "malina"
version = "0.1.0"
dependencies = [
 "blurz 0.4.0 (registry+https://github.com/rust-lang/crates.io-index)",
]

[[package]]
name = "pkg-config"
version = "0.3.18"
source = "registry+https://github.com/rust-lang/crates.io-index"

[metadata]
"checksum blurz 0.4.0 (registry+https://github.com/rust-lang/crates.io-index)" = "b1bc2df4d0f1d373b324672d9966aca3f5ba1f03d69edad6240144774539ea59"
"checksum dbus 0.6.5 (registry+https://github.com/rust-lang/crates.io-index)" = "48b5f0f36f1eebe901b0e6bee369a77ed3396334bf3f09abd46454a576f71819"
"checksum hex 0.3.2 (registry+https://github.com/rust-lang/crates.io-index)" = "805026a5d0141ffc30abb3be3173848ad46a1b1664fe632428479619a3644d77"
"checksum libc 0.2.72 (registry+https://github.com/rust-lang/crates.io-index)" = "a9f8082297d534141b30c8d39e9b1773713ab50fdbe4ff30f750d063b3bfd701"
"checksum libdbus-sys 0.2.1 (registry+https://github.com/rust-lang/crates.io-index)" = "dc12a3bc971424edbbf7edaf6e5740483444db63aa8e23d3751ff12a30f306f0"
"checksum pkg-config 0.3.18 (registry+https://github.com/rust-lang/crates.io-index)" = "d36492546b6af1463394d46f0c834346f31548646f6ba10849802c9c9a27ac33"
